
Microsoft Visual Studio Solution File, Format Version 12.00
# Visual Studio Version 17
VisualStudioVersion = 17.3.32819.101
MinimumVisualStudioVersion = 10.0.40219.1
Project("{9A19103F-16F7-4668-BE54-9A1E7A4F7556}") = "CrazyArcade", "CrazyArcade\CrazyArcade.csproj", "{243249F2-BAAC-4E19-B09E-F85387A8BD8F}"
EndProject
Global
	GlobalSection(SolutionConfigurationPlatforms) = preSolution
		Debug|Any CPU = Debug|Any CPU
		Release|Any CPU = Release|Any CPU
	EndGlobalSection
	GlobalSection(ProjectConfigurationPlatforms) = postSolution
		{243249F2-BAAC-4E19-B09E-F85387A8BD8F}.Debug|Any CPU.ActiveCfg = Debug|Any CPU
		{243249F2-BAAC-4E19-B09E-F85387A8BD8F}.Debug|Any CPU.Build.0 = Debug|Any CPU
		{243249F2-BAAC-4E19-B09E-F85387A8BD8F}.Release|Any CPU.ActiveCfg = Release|Any CPU
		{243249F2-BAAC-4E19-B09E-F85387A8BD8F}.Release|Any CPU.Build.0 = Release|Any CPU
	EndGlobalSection
	GlobalSection(SolutionProperties) = preSolution
		HideSolutionNode = FALSE
	EndGlobalSection
	GlobalSection(ExtensibilityGlobals) = postSolution
		SolutionGuid = {7813B369-B100-4881-A8A5-52770F8AE448}
	EndGlobalSection
EndGlobal
